
Microsoft Visual Studio Solution File, Format Version 12.00
# Visual Studio Version 16
VisualStudioVersion = 16.0.32106.194
MinimumVisualStudioVersion = 10.0.40219.1
Project("{FAE04EC0-301F-11D3-BF4B-00C04F79EFBC}") = "FanoutPublisher", "FanoutPublisher\FanoutPublisher.csproj", "{62183B00-2DD6-4CC0-8450-C1B6A6F3437D}"
EndProject
Project("{FAE04EC0-301F-11D3-BF4B-00C04F79EFBC}") = "FanoutConsumer", "FanoutConsumer\FanoutConsumer.csproj", "{7AC3E356-059B-4EEB-8EBE-434BA1F4B63D}"
EndProject
Project("{FAE04EC0-301F-11D3-BF4B-00C04F79EFBC}") = "DirectExchange", "DirectExchange\DirectExchange.csproj", "{348A45D9-AAF0-408F-B785-CB3C4036E95F}"
EndProject
Project("{FAE04EC0-301F-11D3-BF4B-00C04F79EFBC}") = "TopicExchange", "TopicExchange\TopicExchange.csproj", "{3E297F8E-92B9-4D61-A574-2A278EC5CD51}"
EndProject
Project("{FAE04EC0-301F-11D3-BF4B-00C04F79EFBC}") = "HeaderExchange", "HeaderExchange\HeaderExchange.csproj", "{9872E2BA-63B9-462A-A42C-BE472E583E2C}"
EndProject
Project("{FAE04EC0-301F-11D3-BF4B-00C04F79EFBC}") = "DefaultDemo", "..\..\..\Desktop\Default_SourceCode\DefaultDemo.csproj", "{F667E095-B206-4B03-BA0C-A4FB07DD22EE}"
EndProject
Project("{FAE04EC0-301F-11D3-BF4B-00C04F79EFBC}") = "ExToEx", "ExToEx\ExToEx.csproj", "{1833D438-3A85-4815-BE0D-7BFB85FA9062}"
EndProject
Global
	GlobalSection(SolutionConfigurationPlatforms) = preSolution
		Debug|Any CPU = Debug|Any CPU
		Release|Any CPU = Release|Any CPU
	EndGlobalSection
	GlobalSection(ProjectConfigurationPlatforms) = postSolution
		{62183B00-2DD6-4CC0-8450-C1B6A6F3437D}.Debug|Any CPU.ActiveCfg = Debug|Any CPU
		{62183B00-2DD6-4CC0-8450-C1B6A6F3437D}.Debug|Any CPU.Build.0 = Debug|Any CPU
		{62183B00-2DD6-4CC0-8450-C1B6A6F3437D}.Release|Any CPU.ActiveCfg = Release|Any CPU
		{62183B00-2DD6-4CC0-8450-C1B6A6F3437D}.Release|Any CPU.Build.0 = Release|Any CPU
		{7AC3E356-059B-4EEB-8EBE-434BA1F4B63D}.Debug|Any CPU.ActiveCfg = Debug|Any CPU
		{7AC3E356-059B-4EEB-8EBE-434BA1F4B63D}.Debug|Any CPU.Build.0 = Debug|Any CPU
		{7AC3E356-059B-4EEB-8EBE-434BA1F4B63D}.Release|Any CPU.ActiveCfg = Release|Any CPU
		{7AC3E356-059B-4EEB-8EBE-434BA1F4B63D}.Release|Any CPU.Build.0 = Release|Any CPU
		{348A45D9-AAF0-408F-B785-CB3C4036E95F}.Debug|Any CPU.ActiveCfg = Debug|Any CPU
		{348A45D9-AAF0-408F-B785-CB3C4036E95F}.Debug|Any CPU.Build.0 = Debug|Any CPU
		{348A45D9-AAF0-408F-B785-CB3C4036E95F}.Release|Any CPU.ActiveCfg = Release|Any CPU
		{348A45D9-AAF0-408F-B785-CB3C4036E95F}.Release|Any CPU.Build.0 = Release|Any CPU
		{3E297F8E-92B9-4D61-A574-2A278EC5CD51}.Debug|Any CPU.ActiveCfg = Debug|Any CPU
		{3E297F8E-92B9-4D61-A574-2A278EC5CD51}.Debug|Any CPU.Build.0 = Debug|Any CPU
		{3E297F8E-92B9-4D61-A574-2A278EC5CD51}.Release|Any CPU.ActiveCfg = Release|Any CPU
		{3E297F8E-92B9-4D61-A574-2A278EC5CD51}.Release|Any CPU.Build.0 = Release|Any CPU
		{9872E2BA-63B9-462A-A42C-BE472E583E2C}.Debug|Any CPU.ActiveCfg = Debug|Any CPU
		{9872E2BA-63B9-462A-A42C-BE472E583E2C}.Debug|Any CPU.Build.0 = Debug|Any CPU
		{9872E2BA-63B9-462A-A42C-BE472E583E2C}.Release|Any CPU.ActiveCfg = Release|Any CPU
		{9872E2BA-63B9-462A-A42C-BE472E583E2C}.Release|Any CPU.Build.0 = Release|Any CPU
		{F667E095-B206-4B03-BA0C-A4FB07DD22EE}.Debug|Any CPU.ActiveCfg = Debug|Any CPU
		{F667E095-B206-4B03-BA0C-A4FB07DD22EE}.Debug|Any CPU.Build.0 = Debug|Any CPU
		{F667E095-B206-4B03-BA0C-A4FB07DD22EE}.Release|Any CPU.ActiveCfg = Release|Any CPU
		{F667E095-B206-4B03-BA0C-A4FB07DD22EE}.Release|Any CPU.Build.0 = Release|Any CPU
		{1833D438-3A85-4815-BE0D-7BFB85FA9062}.Debug|Any CPU.ActiveCfg = Debug|Any CPU
		{1833D438-3A85-4815-BE0D-7BFB85FA9062}.Debug|Any CPU.Build.0 = Debug|Any CPU
		{1833D438-3A85-4815-BE0D-7BFB85FA9062}.Release|Any CPU.ActiveCfg = Release|Any CPU
		{1833D438-3A85-4815-BE0D-7BFB85FA9062}.Release|Any CPU.Build.0 = Release|Any CPU
	EndGlobalSection
	GlobalSection(SolutionProperties) = preSolution
		HideSolutionNode = FALSE
	EndGlobalSection
	GlobalSection(ExtensibilityGlobals) = postSolution
		SolutionGuid = {16FD41AA-8D93-4215-ADD7-541DBBCFB504}
	EndGlobalSection
EndGlobal
